
Microsoft Visual Studio Solution File, Format Version 12.00
# Visual Studio Version 17
VisualStudioVersion = 17.7.34031.279
MinimumVisualStudioVersion = 10.0.40219.1
Project("{FAE04EC0-301F-11D3-BF4B-00C04F79EFBC}") = "FileTransferringWebAPI", "FileTransferringWebAPI\FileTransferringWebAPI.csproj", "{961FF607-8482-45D8-949E-DEB66BA2F14B}"
EndProject
Global
	GlobalSection(SolutionConfigurationPlatforms) = preSolution
		Debug|Any CPU = Debug|Any CPU
		Release|Any CPU = Release|Any CPU
	EndGlobalSection
	GlobalSection(ProjectConfigurationPlatforms) = postSolution
		{961FF607-8482-45D8-949E-DEB66BA2F14B}.Debug|Any CPU.ActiveCfg = Debug|Any CPU
		{961FF607-8482-45D8-949E-DEB66BA2F14B}.Debug|Any CPU.Build.0 = Debug|Any CPU
		{961FF607-8482-45D8-949E-DEB66BA2F14B}.Release|Any CPU.ActiveCfg = Release|Any CPU
		{961FF607-8482-45D8-949E-DEB66BA2F14B}.Release|Any CPU.Build.0 = Release|Any CPU
	EndGlobalSection
	GlobalSection(SolutionProperties) = preSolution
		HideSolutionNode = FALSE
	EndGlobalSection
	GlobalSection(ExtensibilityGlobals) = postSolution
		SolutionGuid = {1262AEE9-335A-4133-ABEF-78188EF64965}
	EndGlobalSection
EndGlobal
